
Microsoft Visual Studio Solution File, Format Version 12.00
# Visual Studio Version 17
VisualStudioVersion = 17.4.33205.214
MinimumVisualStudioVersion = 10.0.40219.1
Project("{2150E333-8FDC-42A3-9474-1A3956D46DE8}") = "src", "src", "{E572EB3E-8054-4697-AF4E-1C1949802FED}"
EndProject
Project("{2150E333-8FDC-42A3-9474-1A3956D46DE8}") = "tests", "tests", "{97ECAA19-B73D-4F5B-9527-61FE1A790F54}"
EndProject
Project("{2150E333-8FDC-42A3-9474-1A3956D46DE8}") = "Backend", "Backend", "{C7E845F7-89AD-4D15-86F3-710306DDEA7E}"
EndProject
Project("{2150E333-8FDC-42A3-9474-1A3956D46DE8}") = "Shared", "Shared", "{9E44833B-F036-4DC0-8C5F-70685AF7F375}"
EndProject
Project("{9A19103F-16F7-4668-BE54-9A1E7A4F7556}") = "MeuLivroDeReceitas.Comunicacao", "src\Shared\MeuLivroDeReceitas.Comunicacao\MeuLivroDeReceitas.Comunicacao.csproj", "{A1439466-C35C-48FF-B0A9-407047ED773D}"
EndProject
Project("{9A19103F-16F7-4668-BE54-9A1E7A4F7556}") = "MeuLivroDeReceitas.Exceptions", "src\Shared\MeuLivroDeReceitas.Exceptions\MeuLivroDeReceitas.Exceptions.csproj", "{C53B34E7-6225-47E5-B4D6-366D22023C01}"
EndProject
Project("{9A19103F-16F7-4668-BE54-9A1E7A4F7556}") = "MeuLivroDeReceitas.Application", "src\Backend\MeuLivroDeReceitas.Application\MeuLivroDeReceitas.Application.csproj", "{BF27BEEE-AEF3-458B-AC60-CFC1DCB5C746}"
EndProject
Project("{9A19103F-16F7-4668-BE54-9A1E7A4F7556}") = "MeuLivroDeReceitas.Domain", "src\Backend\MeuLivroDeReceitas.Domain\MeuLivroDeReceitas.Domain.csproj", "{1B148429-6B53-4614-9B2D-459131A1D10A}"
EndProject
Project("{9A19103F-16F7-4668-BE54-9A1E7A4F7556}") = "MeuLivroDeReceitas.Infra", "src\Backend\MeuLivroDeReceitas.Infra\MeuLivroDeReceitas.Infra.csproj", "{99A5457A-1A49-4EBB-9863-7CAE42C46F3B}"
EndProject
Project("{9A19103F-16F7-4668-BE54-9A1E7A4F7556}") = "MeuLivroDeReceitas.Api", "src\Backend\MeuLivroDeReceitas.Api\MeuLivroDeReceitas.Api.csproj", "{C94DF40F-9CEA-4291-AC50-77802D429AC4}"
EndProject
Project("{9A19103F-16F7-4668-BE54-9A1E7A4F7556}") = "Validators.Test", "tests\Validators.Test\Validators.Test.csproj", "{C89AC4C7-F83C-4A94-A144-90CAB874F8F3}"
EndProject
Project("{9A19103F-16F7-4668-BE54-9A1E7A4F7556}") = "UseCases.Test", "tests\UseCases.Test\UseCases.Test.csproj", "{4F753C1C-C677-4D12-83DD-03E352C9768B}"
EndProject
Project("{9A19103F-16F7-4668-BE54-9A1E7A4F7556}") = "WebApi.Test", "tests\WebApi.Test\WebApi.Test.csproj", "{161BA45E-0FD6-4E7A-8F6C-31D45D54231A}"
EndProject
Project("{FAE04EC0-301F-11D3-BF4B-00C04F79EFBC}") = "UtilitarioTestes", "tests\UtilitarioTestes\UtilitarioTestes.csproj", "{B4EDA71A-5AFF-4A76-AF0C-7A698404D239}"
EndProject
Global
	GlobalSection(SolutionConfigurationPlatforms) = preSolution
		Debug|Any CPU = Debug|Any CPU
		Release|Any CPU = Release|Any CPU
	EndGlobalSection
	GlobalSection(ProjectConfigurationPlatforms) = postSolution
		{A1439466-C35C-48FF-B0A9-407047ED773D}.Debug|Any CPU.ActiveCfg = Debug|Any CPU
		{A1439466-C35C-48FF-B0A9-407047ED773D}.Debug|Any CPU.Build.0 = Debug|Any CPU
		{A1439466-C35C-48FF-B0A9-407047ED773D}.Release|Any CPU.ActiveCfg = Release|Any CPU
		{A1439466-C35C-48FF-B0A9-407047ED773D}.Release|Any CPU.Build.0 = Release|Any CPU
		{C53B34E7-6225-47E5-B4D6-366D22023C01}.Debug|Any CPU.ActiveCfg = Debug|Any CPU
		{C53B34E7-6225-47E5-B4D6-366D22023C01}.Debug|Any CPU.Build.0 = Debug|Any CPU
		{C53B34E7-6225-47E5-B4D6-366D22023C01}.Release|Any CPU.ActiveCfg = Release|Any CPU
		{C53B34E7-6225-47E5-B4D6-366D22023C01}.Release|Any CPU.Build.0 = Release|Any CPU
		{BF27BEEE-AEF3-458B-AC60-CFC1DCB5C746}.Debug|Any CPU.ActiveCfg = Debug|Any CPU
		{BF27BEEE-AEF3-458B-AC60-CFC1DCB5C746}.Debug|Any CPU.Build.0 = Debug|Any CPU
		{BF27BEEE-AEF3-458B-AC60-CFC1DCB5C746}.Release|Any CPU.ActiveCfg = Release|Any CPU
		{BF27BEEE-AEF3-458B-AC60-CFC1DCB5C746}.Release|Any CPU.Build.0 = Release|Any CPU
		{1B148429-6B53-4614-9B2D-459131A1D10A}.Debug|Any CPU.ActiveCfg = Debug|Any CPU
		{1B148429-6B53-4614-9B2D-459131A1D10A}.Debug|Any CPU.Build.0 = Debug|Any CPU
		{1B148429-6B53-4614-9B2D-459131A1D10A}.Release|Any CPU.ActiveCfg = Release|Any CPU
		{1B148429-6B53-4614-9B2D-459131A1D10A}.Release|Any CPU.Build.0 = Release|Any CPU
		{99A5457A-1A49-4EBB-9863-7CAE42C46F3B}.Debug|Any CPU.ActiveCfg = Debug|Any CPU
		{99A5457A-1A49-4EBB-9863-7CAE42C46F3B}.Debug|Any CPU.Build.0 = Debug|Any CPU
		{99A5457A-1A49-4EBB-9863-7CAE42C46F3B}.Release|Any CPU.ActiveCfg = Release|Any CPU
		{99A5457A-1A49-4EBB-9863-7CAE42C46F3B}.Release|Any CPU.Build.0 = Release|Any CPU
		{C94DF40F-9CEA-4291-AC50-77802D429AC4}.Debug|Any CPU.ActiveCfg = Debug|Any CPU
		{C94DF40F-9CEA-4291-AC50-77802D429AC4}.Debug|Any CPU.Build.0 = Debug|Any CPU
		{C94DF40F-9CEA-4291-AC50-77802D429AC4}.Release|Any CPU.ActiveCfg = Release|Any CPU
		{C94DF40F-9CEA-4291-AC50-77802D429AC4}.Release|Any CPU.Build.0 = Release|Any CPU
		{C89AC4C7-F83C-4A94-A144-90CAB874F8F3}.Debug|Any CPU.ActiveCfg = Debug|Any CPU
		{C89AC4C7-F83C-4A94-A144-90CAB874F8F3}.Debug|Any CPU.Build.0 = Debug|Any CPU
		{C89AC4C7-F83C-4A94-A144-90CAB874F8F3}.Release|Any CPU.ActiveCfg = Release|Any CPU
		{C89AC4C7-F83C-4A94-A144-90CAB874F8F3}.Release|Any CPU.Build.0 = Release|Any CPU
		{4F753C1C-C677-4D12-83DD-03E352C9768B}.Debug|Any CPU.ActiveCfg = Debug|Any CPU
		{4F753C1C-C677-4D12-83DD-03E352C9768B}.Debug|Any CPU.Build.0 = Debug|Any CPU
		{4F753C1C-C677-4D12-83DD-03E352C9768B}.Release|Any CPU.ActiveCfg = Release|Any CPU
		{4F753C1C-C677-4D12-83DD-03E352C9768B}.Release|Any CPU.Build.0 = Release|Any CPU
		{161BA45E-0FD6-4E7A-8F6C-31D45D54231A}.Debug|Any CPU.ActiveCfg = Debug|Any CPU
		{161BA45E-0FD6-4E7A-8F6C-31D45D54231A}.Debug|Any CPU.Build.0 = Debug|Any CPU
		{161BA45E-0FD6-4E7A-8F6C-31D45D54231A}.Release|Any CPU.ActiveCfg = Release|Any CPU
		{161BA45E-0FD6-4E7A-8F6C-31D45D54231A}.Release|Any CPU.Build.0 = Release|Any CPU
		{B4EDA71A-5AFF-4A76-AF0C-7A698404D239}.Debug|Any CPU.ActiveCfg = Debug|Any CPU
		{B4EDA71A-5AFF-4A76-AF0C-7A698404D239}.Debug|Any CPU.Build.0 = Debug|Any CPU
		{B4EDA71A-5AFF-4A76-AF0C-7A698404D239}.Release|Any CPU.ActiveCfg = Release|Any CPU
		{B4EDA71A-5AFF-4A76-AF0C-7A698404D239}.Release|Any CPU.Build.0 = Release|Any CPU
	EndGlobalSection
	GlobalSection(SolutionProperties) = preSolution
		HideSolutionNode = FALSE
	EndGlobalSection
	GlobalSection(NestedProjects) = preSolution
		{C7E845F7-89AD-4D15-86F3-710306DDEA7E} = {E572EB3E-8054-4697-AF4E-1C1949802FED}
		{9E44833B-F036-4DC0-8C5F-70685AF7F375} = {E572EB3E-8054-4697-AF4E-1C1949802FED}
		{A1439466-C35C-48FF-B0A9-407047ED773D} = {9E44833B-F036-4DC0-8C5F-70685AF7F375}
		{C53B34E7-6225-47E5-B4D6-366D22023C01} = {9E44833B-F036-4DC0-8C5F-70685AF7F375}
		{BF27BEEE-AEF3-458B-AC60-CFC1DCB5C746} = {C7E845F7-89AD-4D15-86F3-710306DDEA7E}
		{1B148429-6B53-4614-9B2D-459131A1D10A} = {C7E845F7-89AD-4D15-86F3-710306DDEA7E}
		{99A5457A-1A49-4EBB-9863-7CAE42C46F3B} = {C7E845F7-89AD-4D15-86F3-710306DDEA7E}
		{C94DF40F-9CEA-4291-AC50-77802D429AC4} = {C7E845F7-89AD-4D15-86F3-710306DDEA7E}
		{C89AC4C7-F83C-4A94-A144-90CAB874F8F3} = {97ECAA19-B73D-4F5B-9527-61FE1A790F54}
		{4F753C1C-C677-4D12-83DD-03E352C9768B} = {97ECAA19-B73D-4F5B-9527-61FE1A790F54}
		{161BA45E-0FD6-4E7A-8F6C-31D45D54231A} = {97ECAA19-B73D-4F5B-9527-61FE1A790F54}
		{B4EDA71A-5AFF-4A76-AF0C-7A698404D239} = {97ECAA19-B73D-4F5B-9527-61FE1A790F54}
	EndGlobalSection
	GlobalSection(ExtensibilityGlobals) = postSolution
		SolutionGuid = {127F9766-222E-4569-89A9-09E2AAFA503A}
	EndGlobalSection
EndGlobal
